{
  "name": "vocabeo-shared-public",
  "version": "1.0.0",
  "lockfileVersion": 3,
  "requires": true,
  "packages": {
    "": {
      "name": "vocabeo-shared-public",
      "version": "1.0.0",
      "license": "UNLICENSED",
      "dependencies": {
        "@paddle/paddle-node-sdk": "^2.5.0"
      },
      "devDependencies": {
        "typescript": "^5.7.3"
      }
    },
    "node_modules/@paddle/paddle-node-sdk": {
      "version": "2.5.0",
      "resolved": "https://registry.npmjs.org/@paddle/paddle-node-sdk/-/paddle-node-sdk-2.5.0.tgz",
      "integrity": "sha512-1ffL0bbveAR6NHUYBUtaLFWBtrPzFAkwAEcEs6OmETkHCdn5pGBNcvYLGwTJTDY3+1Ng0+BKT2P3sIhCuFQcvg==",
      "license": "Apache-2.0",
      "engines": {
        "node": ">=18"
      }
    },
    "node_modules/typescript": {
      "version": "5.7.3",
      "resolved": "https://registry.npmjs.org/typescript/-/typescript-5.7.3.tgz",
      "integrity": "sha512-84MVSjMEHP+FQRPy3pX9sTVV/INIex71s9TL2Gm5FG/WG1SqXeKyZ0k7/blY/4FdOzI12CBy1vGc4og/eus0fw==",
      "dev": true,
      "license": "Apache-2.0",
      "bin": {
        "tsc": "bin/tsc",
        "tsserver": "bin/tsserver"
      },
      "engines": {
        "node": ">=14.17"
      }
    }
  }
}
